// !$*UTF8*$!
{
	archiveVersion = 1;
	classes = {
	};
	objectVersion = 55;
	objects = {

/* Begin PBXBuildFile section */
		DE8FB83E0E3F9EA89E86B240 /* Pods_RxSwift_lesson_with_Udemy.framework in Frameworks */ = {isa = PBXBuildFile; fileRef = 02FE4B1CFA7442194A98920F /* Pods_RxSwift_lesson_with_Udemy.framework */; };
		FDFD929C282633C300C8CEBC /* AppDelegate.swift in Sources */ = {isa = PBXBuildFile; fileRef = FDFD929B282633C300C8CEBC /* AppDelegate.swift */; };
		FDFD929E282633C300C8CEBC /* SceneDelegate.swift in Sources */ = {isa = PBXBuildFile; fileRef = FDFD929D282633C300C8CEBC /* SceneDelegate.swift */; };
		FDFD92A0282633C300C8CEBC /* ViewController.swift in Sources */ = {isa = PBXBuildFile; fileRef = FDFD929F282633C300C8CEBC /* ViewController.swift */; };
		FDFD92A3282633C300C8CEBC /* Main.storyboard in Resources */ = {isa = PBXBuildFile; fileRef = FDFD92A1282633C300C8CEBC /* Main.storyboard */; };
		FDFD92A5282633C700C8CEBC /* Assets.xcassets in Resources */ = {isa = PBXBuildFile; fileRef = FDFD92A4282633C700C8CEBC /* Assets.xcassets */; };
		FDFD92A8282633C700C8CEBC /* LaunchScreen.storyboard in Resources */ = {isa = PBXBuildFile; fileRef = FDFD92A6282633C700C8CEBC /* LaunchScreen.storyboard */; };
/* End PBXBuildFile section */

/* Begin PBXFileReference section */
		02FE4B1CFA7442194A98920F /* Pods_RxSwift_lesson_with_Udemy.framework */ = {isa = PBXFileReference; explicitFileType = wrapper.framework; includeInIndex = 0; path = Pods_RxSwift_lesson_with_Udemy.framework; sourceTree = BUILT_PRODUCTS_DIR; };
		09C34090D3FAE9440FC65F32 /* Pods-RxSwift_lesson_with_Udemy.release.xcconfig */ = {isa = PBXFileReference; includeInIndex = 1; lastKnownFileType = text.xcconfig; name = "Pods-RxSwift_lesson_with_Udemy.release.xcconfig"; path = "Target Support Files/Pods-RxSwift_lesson_with_Udemy/Pods-RxSwift_lesson_with_Udemy.release.xcconfig"; sourceTree = "<group>"; };
		827041BDE15385C610A12276 /* Pods-RxSwift_lesson_with_Udemy.debug.xcconfig */ = {isa = PBXFileReference; includeInIndex = 1; lastKnownFileType = text.xcconfig; name = "Pods-RxSwift_lesson_with_Udemy.debug.xcconfig"; path = "Target Support Files/Pods-RxSwift_lesson_with_Udemy/Pods-RxSwift_lesson_with_Udemy.debug.xcconfig"; sourceTree = "<group>"; };
		FDFD9298282633C300C8CEBC /* RxSwift_lesson_with_Udemy.app */ = {isa = PBXFileReference; explicitFileType = wrapper.application; includeInIndex = 0; path = RxSwift_lesson_with_Udemy.app; sourceTree = BUILT_PRODUCTS_DIR; };
		FDFD929B282633C300C8CEBC /* AppDelegate.swift */ = {isa = PBXFileReference; lastKnownFileType = sourcecode.swift; path = AppDelegate.swift; sourceTree = "<group>"; };
		FDFD929D282633C300C8CEBC /* SceneDelegate.swift */ = {isa = PBXFileReference; lastKnownFileType = sourcecode.swift; path = SceneDelegate.swift; sourceTree = "<group>"; };
		FDFD929F282633C300C8CEBC /* ViewController.swift */ = {isa = PBXFileReference; lastKnownFileType = sourcecode.swift; path = ViewController.swift; sourceTree = "<group>"; };
		FDFD92A2282633C300C8CEBC /* Base */ = {isa = PBXFileReference; lastKnownFileType = file.storyboard; name = Base; path = Base.lproj/Main.storyboard; sourceTree = "<group>"; };
		FDFD92A4282633C700C8CEBC /* Assets.xcassets */ = {isa = PBXFileReference; lastKnownFileType = folder.assetcatalog; path = Assets.xcassets; sourceTree = "<group>"; };
		FDFD92A7282633C700C8CEBC /* Base */ = {isa = PBXFileReference; lastKnownFileType = file.storyboard; name = Base; path = Base.lproj/LaunchScreen.storyboard; sourceTree = "<group>"; };
		FDFD92A9282633C700C8CEBC /* Info.plist */ = {isa = PBXFileReference; lastKnownFileType = text.plist.xml; path = Info.plist; sourceTree = "<group>"; };
		FDFD92B42826354700C8CEBC /* MyPlayground.playground */ = {isa = PBXFileReference; lastKnownFileType = file.playground; path = MyPlayground.playground; sourceTree = "<group>"; xcLanguageSpecificationIdentifier = xcode.lang.swift; };
/* End PBXFileReference section */

/* Begin PBXFrameworksBuildPhase section */
		FDFD9295282633C300C8CEBC /* Frameworks */ = {
			isa = PBXFrameworksBuildPhase;
			buildActionMask = 2147483647;
			files = (
				DE8FB83E0E3F9EA89E86B240 /* Pods_RxSwift_lesson_with_Udemy.framework in Frameworks */,
			);
			runOnlyForDeploymentPostprocessing = 0;
		};
/* End PBXFrameworksBuildPhase section */

/* Begin PBXGroup section */
		1AFE4A765D86569052EEA4E4 /* Pods */ = {
			isa = PBXGroup;
			children = (
				827041BDE15385C610A12276 /* Pods-RxSwift_lesson_with_Udemy.debug.xcconfig */,
				09C34090D3FAE9440FC65F32 /* Pods-RxSwift_lesson_with_Udemy.release.xcconfig */,
			);
			name = Pods;
			path = Pods;
			sourceTree = "<group>";
		};
		76DA386B2BD8DF4330E72583 /* Frameworks */ = {
			isa = PBXGroup;
			children = (
				02FE4B1CFA7442194A98920F /* Pods_RxSwift_lesson_with_Udemy.framework */,
			);
			name = Frameworks;
			sourceTree = "<group>";
		};
		FDFD928F282633C300C8CEBC = {
			isa = PBXGroup;
			children = (
				FDFD929A282633C300C8CEBC /* RxSwift_lesson_with_Udemy */,
				FDFD9299282633C300C8CEBC /* Products */,
				1AFE4A765D86569052EEA4E4 /* Pods */,
				76DA386B2BD8DF4330E72583 /* Frameworks */,
			);
			sourceTree = "<group>";
		};
		FDFD9299282633C300C8CEBC /* Products */ = {
			isa = PBXGroup;
			children = (
				FDFD9298282633C300C8CEBC /* RxSwift_lesson_with_Udemy.app */,
			);
			name = Products;
			sourceTree = "<group>";
		};
		FDFD929A282633C300C8CEBC /* RxSwift_lesson_with_Udemy */ = {
			isa = PBXGroup;
			children = (
				FDFD92B3282633F700C8CEBC /* New Group4 */,
				FDFD92B2282633F500C8CEBC /* New Group3 */,
				FDFD92B1282633EF00C8CEBC /* New Group2 */,
				FDFD92B0282633EC00C8CEBC /* New Group1 */,
				FDFD92AF282633E800C8CEBC /* PlayGround */,
				FDFD929B282633C300C8CEBC /* AppDelegate.swift */,
				FDFD929D282633C300C8CEBC /* SceneDelegate.swift */,
				FDFD929F282633C300C8CEBC /* ViewController.swift */,
				FDFD92A1282633C300C8CEBC /* Main.storyboard */,
				FDFD92A4282633C700C8CEBC /* Assets.xcassets */,
				FDFD92A6282633C700C8CEBC /* LaunchScreen.storyboard */,
				FDFD92A9282633C700C8CEBC /* Info.plist */,
			);
			path = RxSwift_lesson_with_Udemy;
			sourceTree = "<group>";
		};
		FDFD92AF282633E800C8CEBC /* PlayGround */ = {
			isa = PBXGroup;
			children = (
				FDFD92B42826354700C8CEBC /* MyPlayground.playground */,
			);
			path = PlayGround;
			sourceTree = "<group>";
		};
		FDFD92B0282633EC00C8CEBC /* New Group1 */ = {
			isa = PBXGroup;
			children = (
			);
			path = "New Group1";
			sourceTree = "<group>";
		};
		FDFD92B1282633EF00C8CEBC /* New Group2 */ = {
			isa = PBXGroup;
			children = (
			);
			path = "New Group2";
			sourceTree = "<group>";
		};
		FDFD92B2282633F500C8CEBC /* New Group3 */ = {
			isa = PBXGroup;
			children = (
			);
			path = "New Group3";
			sourceTree = "<group>";
		};
		FDFD92B3282633F700C8CEBC /* New Group4 */ = {
			isa = PBXGroup;
			children = (
			);
			path = "New Group4";
			sourceTree = "<group>";
		};
/* End PBXGroup section */

/* Begin PBXNativeTarget section */
		FDFD9297282633C300C8CEBC /* RxSwift_lesson_with_Udemy */ = {
			isa = PBXNativeTarget;
			buildConfigurationList = FDFD92AC282633C700C8CEBC /* Build configuration list for PBXNativeTarget "RxSwift_lesson_with_Udemy" */;
			buildPhases = (
				89B9E149042A4E8B76C33299 /* [CP] Check Pods Manifest.lock */,
				FDFD9294282633C300C8CEBC /* Sources */,
				FDFD9295282633C300C8CEBC /* Frameworks */,
				FDFD9296282633C300C8CEBC /* Resources */,
				43C96921F75B5978E8DA84F4 /* [CP] Embed Pods Frameworks */,
			);
			buildRules = (
			);
			dependencies = (
			);
			name = RxSwift_lesson_with_Udemy;
			productName = RxSwift_lesson_with_Udemy;
			productReference = FDFD9298282633C300C8CEBC /* RxSwift_lesson_with_Udemy.app */;
			productType = "com.apple.product-type.application";
		};
/* End PBXNativeTarget section */

/* Begin PBXProject section */
		FDFD9290282633C300C8CEBC /* Project object */ = {
			isa = PBXProject;
			attributes = {
				BuildIndependentTargetsInParallel = 1;
				LastSwiftUpdateCheck = 1310;
				LastUpgradeCheck = 1310;
				TargetAttributes = {
					FDFD9297282633C300C8CEBC = {
						CreatedOnToolsVersion = 13.1;
					};
				};
			};
			buildConfigurationList = FDFD9293282633C300C8CEBC /* Build configuration list for PBXProject "RxSwift_lesson_with_Udemy" */;
			compatibilityVersion = "Xcode 13.0";
			developmentRegion = en;
			hasScannedForEncodings = 0;
			knownRegions = (
				en,
				Base,
			);
			mainGroup = FDFD928F282633C300C8CEBC;
			productRefGroup = FDFD9299282633C300C8CEBC /* Products */;
			projectDirPath = "";
			projectRoot = "";
			targets = (
				FDFD9297282633C300C8CEBC /* RxSwift_lesson_with_Udemy */,
			);
		};
/* End PBXProject section */

/* Begin PBXResourcesBuildPhase section */
		FDFD9296282633C300C8CEBC /* Resources */ = {
			isa = PBXResourcesBuildPhase;
			buildActionMask = 2147483647;
			files = (
				FDFD92A8282633C700C8CEBC /* LaunchScreen.storyboard in Resources */,
				FDFD92A5282633C700C8CEBC /* Assets.xcassets in Resources */,
				FDFD92A3282633C300C8CEBC /* Main.storyboard in Resources */,
			);
			runOnlyForDeploymentPostprocessing = 0;
		};
/* End PBXResourcesBuildPhase section */

/* Begin PBXShellScriptBuildPhase section */
		43C96921F75B5978E8DA84F4 /* [CP] Embed Pods Frameworks */ = {
			isa = PBXShellScriptBuildPhase;
			buildActionMask = 2147483647;
			files = (
			);
			inputFileListPaths = (
				"${PODS_ROOT}/Target Support Files/Pods-RxSwift_lesson_with_Udemy/Pods-RxSwift_lesson_with_Udemy-frameworks-${CONFIGURATION}-input-files.xcfilelist",
			);
			name = "[CP] Embed Pods Frameworks";
			outputFileListPaths = (
				"${PODS_ROOT}/Target Support Files/Pods-RxSwift_lesson_with_Udemy/Pods-RxSwift_lesson_with_Udemy-frameworks-${CONFIGURATION}-output-files.xcfilelist",
			);
			runOnlyForDeploymentPostprocessing = 0;
			shellPath = /bin/sh;
			shellScript = "\"${PODS_ROOT}/Target Support Files/Pods-RxSwift_lesson_with_Udemy/Pods-RxSwift_lesson_with_Udemy-frameworks.sh\"\n";
			showEnvVarsInLog = 0;
		};
		89B9E149042A4E8B76C33299 /* [CP] Check Pods Manifest.lock */ = {
			isa = PBXShellScriptBuildPhase;
			buildActionMask = 2147483647;
			files = (
			);
			inputFileListPaths = (
			);
			inputPaths = (
				"${PODS_PODFILE_DIR_PATH}/Podfile.lock",
				"${PODS_ROOT}/Manifest.lock",
			);
			name = "[CP] Check Pods Manifest.lock";
			outputFileListPaths = (
			);
			outputPaths = (
				"$(DERIVED_FILE_DIR)/Pods-RxSwift_lesson_with_Udemy-checkManifestLockResult.txt",
			);
			runOnlyForDeploymentPostprocessing = 0;
			shellPath = /bin/sh;
			shellScript = "diff \"${PODS_PODFILE_DIR_PATH}/Podfile.lock\" \"${PODS_ROOT}/Manifest.lock\" > /dev/null\nif [ $? != 0 ] ; then\n    # print error to STDERR\n    echo \"error: The sandbox is not in sync with the Podfile.lock. Run 'pod install' or update your CocoaPods installation.\" >&2\n    exit 1\nfi\n# This output is used by Xcode 'outputs' to avoid re-running this script phase.\necho \"SUCCESS\" > \"${SCRIPT_OUTPUT_FILE_0}\"\n";
			showEnvVarsInLog = 0;
		};
/* End PBXShellScriptBuildPhase section */

/* Begin PBXSourcesBuildPhase section */
		FDFD9294282633C300C8CEBC /* Sources */ = {
			isa = PBXSourcesBuildPhase;
			buildActionMask = 2147483647;
			files = (
				FDFD92A0282633C300C8CEBC /* ViewController.swift in Sources */,
				FDFD929C282633C300C8CEBC /* AppDelegate.swift in Sources */,
				FDFD929E282633C300C8CEBC /* SceneDelegate.swift in Sources */,
			);
			runOnlyForDeploymentPostprocessing = 0;
		};
/* End PBXSourcesBuildPhase section */

/* Begin PBXVariantGroup section */
		FDFD92A1282633C300C8CEBC /* Main.storyboard */ = {
			isa = PBXVariantGroup;
			children = (
				FDFD92A2282633C300C8CEBC /* Base */,
			);
			name = Main.storyboard;
			sourceTree = "<group>";
		};
		FDFD92A6282633C700C8CEBC /* LaunchScreen.storyboard */ = {
			isa = PBXVariantGroup;
			children = (
				FDFD92A7282633C700C8CEBC /* Base */,
			);
			name = LaunchScreen.storyboard;
			sourceTree = "<group>";
		};
/* End PBXVariantGroup section */

/* Begin XCBuildConfiguration section */
		FDFD92AA282633C700C8CEBC /* Debug */ = {
			isa = XCBuildConfiguration;
			buildSettings = {
				ALWAYS_SEARCH_USER_PATHS = NO;
				CLANG_ANALYZER_NONNULL = YES;
				CLANG_ANALYZER_NUMBER_OBJECT_CONVERSION = YES_AGGRESSIVE;
				CLANG_CXX_LANGUAGE_STANDARD = "gnu++17";
				CLANG_CXX_LIBRARY = "libc++";
				CLANG_ENABLE_MODULES = YES;
				CLANG_ENABLE_OBJC_ARC = YES;
				CLANG_ENABLE_OBJC_WEAK = YES;
				CLANG_WARN_BLOCK_CAPTURE_AUTORELEASING = YES;
				CLANG_WARN_BOOL_CONVERSION = YES;
				CLANG_WARN_COMMA = YES;
				CLANG_WARN_CONSTANT_CONVERSION = YES;
				CLANG_WARN_DEPRECATED_OBJC_IMPLEMENTATIONS = YES;
				CLANG_WARN_DIRECT_OBJC_ISA_USAGE = YES_ERROR;
				CLANG_WARN_DOCUMENTATION_COMMENTS = YES;
				CLANG_WARN_EMPTY_BODY = YES;
				CLANG_WARN_ENUM_CONVERSION = YES;
				CLANG_WARN_INFINITE_RECURSION = YES;
				CLANG_WARN_INT_CONVERSION = YES;
				CLANG_WARN_NON_LITERAL_NULL_CONVERSION = YES;
				CLANG_WARN_OBJC_IMPLICIT_RETAIN_SELF = YES;
				CLANG_WARN_OBJC_LITERAL_CONVERSION = YES;
				CLANG_WARN_OBJC_ROOT_CLASS = YES_ERROR;
				CLANG_WARN_QUOTED_INCLUDE_IN_FRAMEWORK_HEADER = YES;
				CLANG_WARN_RANGE_LOOP_ANALYSIS = YES;
				CLANG_WARN_STRICT_PROTOTYPES = YES;
				CLANG_WARN_SUSPICIOUS_MOVE = YES;
				CLANG_WARN_UNGUARDED_AVAILABILITY = YES_AGGRESSIVE;
				CLANG_WARN_UNREACHABLE_CODE = YES;
				CLANG_WARN__DUPLICATE_METHOD_MATCH = YES;
				COPY_PHASE_STRIP = NO;
				DEBUG_INFORMATION_FORMAT = dwarf;
				ENABLE_STRICT_OBJC_MSGSEND = YES;
				ENABLE_TESTABILITY = YES;
				GCC_C_LANGUAGE_STANDARD = gnu11;
				GCC_DYNAMIC_NO_PIC = NO;
				GCC_NO_COMMON_BLOCKS = YES;
				GCC_OPTIMIZATION_LEVEL = 0;
				GCC_PREPROCESSOR_DEFINITIONS = (
					"DEBUG=1",
					"$(inherited)",
				);
				GCC_WARN_64_TO_32_BIT_CONVERSION = YES;
				GCC_WARN_ABOUT_RETURN_TYPE = YES_ERROR;
				GCC_WARN_UNDECLARED_SELECTOR = YES;
				GCC_WARN_UNINITIALIZED_AUTOS = YES_AGGRESSIVE;
				GCC_WARN_UNUSED_FUNCTION = YES;
				GCC_WARN_UNUSED_VARIABLE = YES;
				IPHONEOS_DEPLOYMENT_TARGET = 15.0;
				MTL_ENABLE_DEBUG_INFO = INCLUDE_SOURCE;
				MTL_FAST_MATH = YES;
				ONLY_ACTIVE_ARCH = YES;
				SDKROOT = iphoneos;
				SWIFT_ACTIVE_COMPILATION_CONDITIONS = DEBUG;
				SWIFT_OPTIMIZATION_LEVEL = "-Onone";
			};
			name = Debug;
		};
		FDFD92AB282633C700C8CEBC /* Release */ = {
			isa = XCBuildConfiguration;
			buildSettings = {
				ALWAYS_SEARCH_USER_PATHS = NO;
				CLANG_ANALYZER_NONNULL = YES;
				CLANG_ANALYZER_NUMBER_OBJECT_CONVERSION = YES_AGGRESSIVE;
				CLANG_CXX_LANGUAGE_STANDARD = "gnu++17";
				CLANG_CXX_LIBRARY = "libc++";
				CLANG_ENABLE_MODULES = YES;
				CLANG_ENABLE_OBJC_ARC = YES;
				CLANG_ENABLE_OBJC_WEAK = YES;
				CLANG_WARN_BLOCK_CAPTURE_AUTORELEASING = YES;
				CLANG_WARN_BOOL_CONVERSION = YES;
				CLANG_WARN_COMMA = YES;
				CLANG_WARN_CONSTANT_CONVERSION = YES;
				CLANG_WARN_DEPRECATED_OBJC_IMPLEMENTATIONS = YES;
				CLANG_WARN_DIRECT_OBJC_ISA_USAGE = YES_ERROR;
				CLANG_WARN_DOCUMENTATION_COMMENTS = YES;
				CLANG_WARN_EMPTY_BODY = YES;
				CLANG_WARN_ENUM_CONVERSION = YES;
				CLANG_WARN_INFINITE_RECURSION = YES;
				CLANG_WARN_INT_CONVERSION = YES;
				CLANG_WARN_NON_LITERAL_NULL_CONVERSION = YES;
				CLANG_WARN_OBJC_IMPLICIT_RETAIN_SELF = YES;
				CLANG_WARN_OBJC_LITERAL_CONVERSION = YES;
				CLANG_WARN_OBJC_ROOT_CLASS = YES_ERROR;
				CLANG_WARN_QUOTED_INCLUDE_IN_FRAMEWORK_HEADER = YES;
				CLANG_WARN_RANGE_LOOP_ANALYSIS = YES;
				CLANG_WARN_STRICT_PROTOTYPES = YES;
				CLANG_WARN_SUSPICIOUS_MOVE = YES;
				CLANG_WARN_UNGUARDED_AVAILABILITY = YES_AGGRESSIVE;
				CLANG_WARN_UNREACHABLE_CODE = YES;
				CLANG_WARN__DUPLICATE_METHOD_MATCH = YES;
				COPY_PHASE_STRIP = NO;
				DEBUG_INFORMATION_FORMAT = "dwarf-with-dsym";
				ENABLE_NS_ASSERTIONS = NO;
				ENABLE_STRICT_OBJC_MSGSEND = YES;
				GCC_C_LANGUAGE_STANDARD = gnu11;
				GCC_NO_COMMON_BLOCKS = YES;
				GCC_WARN_64_TO_32_BIT_CONVERSION = YES;
				GCC_WARN_ABOUT_RETURN_TYPE = YES_ERROR;
				GCC_WARN_UNDECLARED_SELECTOR = YES;
				GCC_WARN_UNINITIALIZED_AUTOS = YES_AGGRESSIVE;
				GCC_WARN_UNUSED_FUNCTION = YES;
				GCC_WARN_UNUSED_VARIABLE = YES;
				IPHONEOS_DEPLOYMENT_TARGET = 15.0;
				MTL_ENABLE_DEBUG_INFO = NO;
				MTL_FAST_MATH = YES;
				SDKROOT = iphoneos;
				SWIFT_COMPILATION_MODE = wholemodule;
				SWIFT_OPTIMIZATION_LEVEL = "-O";
				VALIDATE_PRODUCT = YES;
			};
			name = Release;
		};
		FDFD92AD282633C700C8CEBC /* Debug */ = {
			isa = XCBuildConfiguration;
			baseConfigurationReference = 827041BDE15385C610A12276 /* Pods-RxSwift_lesson_with_Udemy.debug.xcconfig */;
			buildSettings = {
				ASSETCATALOG_COMPILER_APPICON_NAME = AppIcon;
				ASSETCATALOG_COMPILER_GLOBAL_ACCENT_COLOR_NAME = AccentColor;
				CODE_SIGN_STYLE = Automatic;
				CURRENT_PROJECT_VERSION = 1;
				DEVELOPMENT_TEAM = S3ZNGP43TF;
				GENERATE_INFOPLIST_FILE = YES;
				INFOPLIST_FILE = RxSwift_lesson_with_Udemy/Info.plist;
				INFOPLIST_KEY_UIApplicationSupportsIndirectInputEvents = YES;
				INFOPLIST_KEY_UILaunchStoryboardName = LaunchScreen;
				INFOPLIST_KEY_UIMainStoryboardFile = Main;
				INFOPLIST_KEY_UISupportedInterfaceOrientations_iPad = "UIInterfaceOrientationPortrait UIInterfaceOrientationPortraitUpsideDown UIInterfaceOrientationLandscapeLeft UIInterfaceOrientationLandscapeRight";
				INFOPLIST_KEY_UISupportedInterfaceOrientations_iPhone = "UIInterfaceOrientationPortrait UIInterfaceOrientationLandscapeLeft UIInterfaceOrientationLandscapeRight";
				LD_RUNPATH_SEARCH_PATHS = (
					"$(inherited)",
					"@executable_path/Frameworks",
				);
				MARKETING_VERSION = 1.0;
				PRODUCT_BUNDLE_IDENTIFIER = "kokikudo.practice.app.RxSwift-lesson-with-Udemy";
				PRODUCT_NAME = "$(TARGET_NAME)";
				SWIFT_EMIT_LOC_STRINGS = YES;
				SWIFT_VERSION = 5.0;
				TARGETED_DEVICE_FAMILY = "1,2";
			};
			name = Debug;
		};
		FDFD92AE282633C700C8CEBC /* Release */ = {
			isa = XCBuildConfiguration;
			baseConfigurationReference = 09C34090D3FAE9440FC65F32 /* Pods-RxSwift_lesson_with_Udemy.release.xcconfig */;
			buildSettings = {
				ASSETCATALOG_COMPILER_APPICON_NAME = AppIcon;
				ASSETCATALOG_COMPILER_GLOBAL_ACCENT_COLOR_NAME = AccentColor;
				CODE_SIGN_STYLE = Automatic;
				CURRENT_PROJECT_VERSION = 1;
				DEVELOPMENT_TEAM = S3ZNGP43TF;
				GENERATE_INFOPLIST_FILE = YES;
				INFOPLIST_FILE = RxSwift_lesson_with_Udemy/Info.plist;
				INFOPLIST_KEY_UIApplicationSupportsIndirectInputEvents = YES;
				INFOPLIST_KEY_UILaunchStoryboardName = LaunchScreen;
				INFOPLIST_KEY_UIMainStoryboardFile = Main;
				INFOPLIST_KEY_UISupportedInterfaceOrientations_iPad = "UIInterfaceOrientationPortrait UIInterfaceOrientationPortraitUpsideDown UIInterfaceOrientationLandscapeLeft UIInterfaceOrientationLandscapeRight";
				INFOPLIST_KEY_UISupportedInterfaceOrientations_iPhone = "UIInterfaceOrientationPortrait UIInterfaceOrientationLandscapeLeft UIInterfaceOrientationLandscapeRight";
				LD_RUNPATH_SEARCH_PATHS = (
					"$(inherited)",
					"@executable_path/Frameworks",
				);
				MARKETING_VERSION = 1.0;
				PRODUCT_BUNDLE_IDENTIFIER = "kokikudo.practice.app.RxSwift-lesson-with-Udemy";
				PRODUCT_NAME = "$(TARGET_NAME)";
				SWIFT_EMIT_LOC_STRINGS = YES;
				SWIFT_VERSION = 5.0;
				TARGETED_DEVICE_FAMILY = "1,2";
			};
			name = Release;
		};
/* End XCBuildConfiguration section */

/* Begin XCConfigurationList section */
		FDFD9293282633C300C8CEBC /* Build configuration list for PBXProject "RxSwift_lesson_with_Udemy" */ = {
			isa = XCConfigurationList;
			buildConfigurations = (
				FDFD92AA282633C700C8CEBC /* Debug */,
				FDFD92AB282633C700C8CEBC /* Release */,
			);
			defaultConfigurationIsVisible = 0;
			defaultConfigurationName = Release;
		};
		FDFD92AC282633C700C8CEBC /* Build configuration list for PBXNativeTarget "RxSwift_lesson_with_Udemy" */ = {
			isa = XCConfigurationList;
			buildConfigurations = (
				FDFD92AD282633C700C8CEBC /* Debug */,
				FDFD92AE282633C700C8CEBC /* Release */,
			);
			defaultConfigurationIsVisible = 0;
			defaultConfigurationName = Release;
		};
/* End XCConfigurationList section */
	};
	rootObject = FDFD9290282633C300C8CEBC /* Project object */;
}
